# @generated - this file is auto-generated by `mise lock` https://mise.en.dev/dev-tools/mise-lock.html

[[tools.opencode]]
version = "1.15.13"
backend = "aqua:anomalyco/opencode"

[tools.opencode."platforms.linux-arm64"]
checksum = "sha256:7a0e5da2427c7804314fe0f87b74b4408467f94e3b8b1a61ba25a1d71fe0b4d2"
url = "https://github.com/anomalyco/opencode/releases/download/v1.15.13/opencode-linux-arm64.tar.gz"

[tools.opencode."platforms.linux-arm64-musl"]
checksum = "sha256:a98c2da185a059c29a9b6764dc7da05e91a63c8c0480163d138e7d812882c9bf"
url = "https://github.com/anomalyco/opencode/releases/download/v1.15.13/opencode-linux-arm64-musl.tar.gz"

[tools.opencode."platforms.linux-x64"]
checksum = "sha256:51785a07c009f27c5125a5235c5a0ff78433dace07f73fbc44eb672ead4b3d79"
url = "https://github.com/anomalyco/opencode/releases/download/v1.15.13/opencode-linux-x64.tar.gz"

[tools.opencode."platforms.linux-x64-musl"]
checksum = "sha256:61f0eed6cbe3114bd22fad53098bcf397e298b51d6e113194b30c32f19002db7"
url = "https://github.com/anomalyco/opencode/releases/download/v1.15.13/opencode-linux-x64-musl.tar.gz"

[tools.opencode."platforms.macos-arm64"]
checksum = "sha256:be369a38d15a22e83fad34874d1bc7ddead8084e07df292b28d079287d54ab0c"
url = "https://github.com/anomalyco/opencode/releases/download/v1.15.13/opencode-darwin-arm64.zip"

[tools.opencode."platforms.macos-x64"]
checksum = "sha256:e0da1f0c011daa8717479014968d7ec8ce672801a8ba4710f49471dc9fbb2c7b"
url = "https://github.com/anomalyco/opencode/releases/download/v1.15.13/opencode-darwin-x64.zip"

[tools.opencode."platforms.windows-x64"]
checksum = "sha256:186c5d42c3540e401b3e112ee28c964873cb04f61f1a8b0b43c3c88337efed85"
url = "https://github.com/anomalyco/opencode/releases/download/v1.15.13/opencode-windows-x64.zip"

[[tools.prek]]
version = "0.4.3"
backend = "aqua:j178/prek"

[tools.prek."platforms.linux-arm64"]
checksum = "sha256:0a112f72c3e76d4bdea6a5f73788015579766f9a9a5ff827932f7a4685f87eb5"
url = "https://github.com/j178/prek/releases/download/v0.4.3/prek-aarch64-unknown-linux-musl.tar.gz"
provenance = "github-attestations"

[tools.prek."platforms.linux-arm64-musl"]
checksum = "sha256:0a112f72c3e76d4bdea6a5f73788015579766f9a9a5ff827932f7a4685f87eb5"
url = "https://github.com/j178/prek/releases/download/v0.4.3/prek-aarch64-unknown-linux-musl.tar.gz"
provenance = "github-attestations"

[tools.prek."platforms.linux-x64"]
checksum = "sha256:509193a8cb4a3032dd9f732023466e4c6719cc758cd6f768a7218a702edb08ae"
url = "https://github.com/j178/prek/releases/download/v0.4.3/prek-x86_64-unknown-linux-musl.tar.gz"
provenance = "github-attestations"

[tools.prek."platforms.linux-x64-musl"]
checksum = "sha256:509193a8cb4a3032dd9f732023466e4c6719cc758cd6f768a7218a702edb08ae"
url = "https://github.com/j178/prek/releases/download/v0.4.3/prek-x86_64-unknown-linux-musl.tar.gz"
provenance = "github-attestations"

[tools.prek."platforms.macos-arm64"]
checksum = "sha256:80e10ab3961940ef4d5b0cde03ed670f8176dd60729a03e6a7d92ae00700e072"
url = "https://github.com/j178/prek/releases/download/v0.4.3/prek-aarch64-apple-darwin.tar.gz"
provenance = "github-attestations"

[tools.prek."platforms.macos-x64"]
checksum = "sha256:c2f1d49b20a2b10a147195d5e33b03ca51430a852ea6cac568853dda5b89fbb8"
url = "https://github.com/j178/prek/releases/download/v0.4.3/prek-x86_64-apple-darwin.tar.gz"
provenance = "github-attestations"

[tools.prek."platforms.windows-x64"]
checksum = "sha256:8105cec75f5f60b2b1b499f9e57453dac1be835cf2e67ae141c47d6faa88b84d"
url = "https://github.com/j178/prek/releases/download/v0.4.3/prek-x86_64-pc-windows-msvc.zip"
provenance = "github-attestations"

[[tools.python]]
version = "3.14.5"
backend = "core:python"

[tools.python."platforms.linux-arm64"]
checksum = "sha256:1d3ea1b3cd9b8f3d53afb629e82e9bc8f6dab6cbb1a7d23524bd86ba5bc22570"
url = "https://github.com/astral-sh/python-build-standalone/releases/download/20260602/cpython-3.14.5+20260602-aarch64-unknown-linux-gnu-install_only_stripped.tar.gz"
provenance = "github-attestations"

[tools.python."platforms.linux-arm64-musl"]
checksum = "sha256:23dfd69917f1c693b7ce857f014a72da546c8132c277bb6ac98fdbe12334e221"
url = "https://github.com/astral-sh/python-build-standalone/releases/download/20260602/cpython-3.14.5+20260602-aarch64-unknown-linux-musl-install_only_stripped.tar.gz"
provenance = "github-attestations"

[tools.python."platforms.linux-x64"]
checksum = "sha256:982a60fc7f11bbe405ab54afcd4eb145f1134797bbbffac9f5c49df4ec98b13e"
url = "https://github.com/astral-sh/python-build-standalone/releases/download/20260602/cpython-3.14.5+20260602-x86_64-unknown-linux-gnu-install_only_stripped.tar.gz"
provenance = "github-attestations"

[tools.python."platforms.linux-x64-musl"]
checksum = "sha256:09fb97b20df0ed9336d39468007619b3458489c33fa4166b43155587b382f84a"
url = "https://github.com/astral-sh/python-build-standalone/releases/download/20260602/cpython-3.14.5+20260602-x86_64-unknown-linux-musl-install_only_stripped.tar.gz"
provenance = "github-attestations"

[tools.python."platforms.macos-arm64"]
checksum = "sha256:3a0373cc39fefd494754ef555267f245c720cddbaaabf63a7c9a4269f1e56532"
url = "https://github.com/astral-sh/python-build-standalone/releases/download/20260602/cpython-3.14.5+20260602-aarch64-apple-darwin-install_only_stripped.tar.gz"
provenance = "github-attestations"

[tools.python."platforms.macos-x64"]
checksum = "sha256:d44ff6ec301cabc91eb0c756b1948b28579fb07feba36aaf1990e535649d5ea6"
url = "https://github.com/astral-sh/python-build-standalone/releases/download/20260602/cpython-3.14.5+20260602-x86_64-apple-darwin-install_only_stripped.tar.gz"
provenance = "github-attestations"

[tools.python."platforms.windows-x64"]
checksum = "sha256:66b065143e538c07f069f764d831d8ffae95507907d4ca211304e6f3a056435c"
url = "https://github.com/astral-sh/python-build-standalone/releases/download/20260602/cpython-3.14.5+20260602-x86_64-pc-windows-msvc-install_only_stripped.tar.gz"
provenance = "github-attestations"

[[tools.rust]]
version = "1.96.0"
backend = "core:rust"

[[tools.uv]]
version = "0.11.18"
backend = "aqua:astral-sh/uv"

[tools.uv."platforms.linux-arm64"]
checksum = "sha256:6d895725333680bf7633ad635baff8e49dc45d3b52e00b2b3adf6ced41f2ebe2"
url = "https://github.com/astral-sh/uv/releases/download/0.11.18/uv-aarch64-unknown-linux-musl.tar.gz"
provenance = "github-attestations"

[tools.uv."platforms.linux-arm64-musl"]
checksum = "sha256:6d895725333680bf7633ad635baff8e49dc45d3b52e00b2b3adf6ced41f2ebe2"
url = "https://github.com/astral-sh/uv/releases/download/0.11.18/uv-aarch64-unknown-linux-musl.tar.gz"
provenance = "github-attestations"

[tools.uv."platforms.linux-x64"]
checksum = "sha256:a095a969fc8357f42e35652e0554525a47a29010ddb814bd82650c2ffa7d6d62"
url = "https://github.com/astral-sh/uv/releases/download/0.11.18/uv-x86_64-unknown-linux-musl.tar.gz"
provenance = "github-attestations"

[tools.uv."platforms.linux-x64-musl"]
checksum = "sha256:a095a969fc8357f42e35652e0554525a47a29010ddb814bd82650c2ffa7d6d62"
url = "https://github.com/astral-sh/uv/releases/download/0.11.18/uv-x86_64-unknown-linux-musl.tar.gz"
provenance = "github-attestations"

[tools.uv."platforms.macos-arm64"]
checksum = "sha256:1a7adf8dadae3b55853115d13a8bf564d219597ad13824b93b213706933863e5"
url = "https://github.com/astral-sh/uv/releases/download/0.11.18/uv-aarch64-apple-darwin.tar.gz"
provenance = "github-attestations"

[tools.uv."platforms.macos-x64"]
checksum = "sha256:00a61e3db99b53c927a7e6c4ccdccb898aa3253d07928822211e9dc570a25661"
url = "https://github.com/astral-sh/uv/releases/download/0.11.18/uv-x86_64-apple-darwin.tar.gz"
provenance = "github-attestations"

[tools.uv."platforms.windows-x64"]
checksum = "sha256:bf8e0021336b7c77bd80a078b612125f385b08f541437edaea8c8ca9e574db0d"
url = "https://github.com/astral-sh/uv/releases/download/0.11.18/uv-x86_64-pc-windows-msvc.zip"
provenance = "github-attestations"
